
Microsoft Visual Studio Solution File, Format Version 12.00
# Visual Studio Version 17
VisualStudioVersion = 17.7.34221.43
MinimumVisualStudioVersion = 10.0.40219.1
Project("{FAE04EC0-301F-11D3-BF4B-00C04F79EFBC}") = "Emp1", "Emp1\Emp1.csproj", "{48D69F8C-815E-48BF-B509-2FD8B8494503}"
EndProject
Global
	GlobalSection(SolutionConfigurationPlatforms) = preSolution
		Debug|Any CPU = Debug|Any CPU
		Release|Any CPU = Release|Any CPU
	EndGlobalSection
	GlobalSection(ProjectConfigurationPlatforms) = postSolution
		{48D69F8C-815E-48BF-B509-2FD8B8494503}.Debug|Any CPU.ActiveCfg = Debug|Any CPU
		{48D69F8C-815E-48BF-B509-2FD8B8494503}.Debug|Any CPU.Build.0 = Debug|Any CPU
		{48D69F8C-815E-48BF-B509-2FD8B8494503}.Release|Any CPU.ActiveCfg = Release|Any CPU
		{48D69F8C-815E-48BF-B509-2FD8B8494503}.Release|Any CPU.Build.0 = Release|Any CPU
	EndGlobalSection
	GlobalSection(SolutionProperties) = preSolution
		HideSolutionNode = FALSE
	EndGlobalSection
	GlobalSection(ExtensibilityGlobals) = postSolution
		SolutionGuid = {DD030BAA-C9BE-4F7A-8B60-95AD8B684378}
	EndGlobalSection
EndGlobal
