
Microsoft Visual Studio Solution File, Format Version 12.00
# Visual Studio Version 17
VisualStudioVersion = 17.8.34309.116
MinimumVisualStudioVersion = 10.0.40219.1
Project("{9A19103F-16F7-4668-BE54-9A1E7A4F7556}") = "CRUD", "CRUD\CRUD.csproj", "{A1DCA13E-1B3C-4406-A753-53C91858A1DE}"
EndProject
Global
	GlobalSection(SolutionConfigurationPlatforms) = preSolution
		Debug|Any CPU = Debug|Any CPU
		Release|Any CPU = Release|Any CPU
	EndGlobalSection
	GlobalSection(ProjectConfigurationPlatforms) = postSolution
		{A1DCA13E-1B3C-4406-A753-53C91858A1DE}.Debug|Any CPU.ActiveCfg = Debug|Any CPU
		{A1DCA13E-1B3C-4406-A753-53C91858A1DE}.Debug|Any CPU.Build.0 = Debug|Any CPU
		{A1DCA13E-1B3C-4406-A753-53C91858A1DE}.Release|Any CPU.ActiveCfg = Release|Any CPU
		{A1DCA13E-1B3C-4406-A753-53C91858A1DE}.Release|Any CPU.Build.0 = Release|Any CPU
	EndGlobalSection
	GlobalSection(SolutionProperties) = preSolution
		HideSolutionNode = FALSE
	EndGlobalSection
	GlobalSection(ExtensibilityGlobals) = postSolution
		SolutionGuid = {5A06EE7E-DBF9-429F-8CD8-8AFCCC8753F6}
	EndGlobalSection
EndGlobal
