
Microsoft Visual Studio Solution File, Format Version 12.00
# Visual Studio Version 17
VisualStudioVersion = 17.7.34221.43
MinimumVisualStudioVersion = 10.0.40219.1
Project("{FAE04EC0-301F-11D3-BF4B-00C04F79EFBC}") = "hashtable", "hashtable\hashtable.csproj", "{D15AF7C4-F8A4-43B9-8863-DFA30B50B7F2}"
EndProject
Global
	GlobalSection(SolutionConfigurationPlatforms) = preSolution
		Debug|Any CPU = Debug|Any CPU
		Release|Any CPU = Release|Any CPU
	EndGlobalSection
	GlobalSection(ProjectConfigurationPlatforms) = postSolution
		{D15AF7C4-F8A4-43B9-8863-DFA30B50B7F2}.Debug|Any CPU.ActiveCfg = Debug|Any CPU
		{D15AF7C4-F8A4-43B9-8863-DFA30B50B7F2}.Debug|Any CPU.Build.0 = Debug|Any CPU
		{D15AF7C4-F8A4-43B9-8863-DFA30B50B7F2}.Release|Any CPU.ActiveCfg = Release|Any CPU
		{D15AF7C4-F8A4-43B9-8863-DFA30B50B7F2}.Release|Any CPU.Build.0 = Release|Any CPU
	EndGlobalSection
	GlobalSection(SolutionProperties) = preSolution
		HideSolutionNode = FALSE
	EndGlobalSection
	GlobalSection(ExtensibilityGlobals) = postSolution
		SolutionGuid = {1F225AB4-3B2D-4F64-897F-2AEE3CBE1F47}
	EndGlobalSection
EndGlobal
