
Microsoft Visual Studio Solution File, Format Version 12.00
# Visual Studio Version 17
VisualStudioVersion = 17.7.34221.43
MinimumVisualStudioVersion = 10.0.40219.1
Project("{FAE04EC0-301F-11D3-BF4B-00C04F79EFBC}") = "Logical", "Logical\Logical.csproj", "{EA4AA215-BC62-41CE-A4E2-BD6696DF4BE6}"
EndProject
Global
	GlobalSection(SolutionConfigurationPlatforms) = preSolution
		Debug|Any CPU = Debug|Any CPU
		Release|Any CPU = Release|Any CPU
	EndGlobalSection
	GlobalSection(ProjectConfigurationPlatforms) = postSolution
		{EA4AA215-BC62-41CE-A4E2-BD6696DF4BE6}.Debug|Any CPU.ActiveCfg = Debug|Any CPU
		{EA4AA215-BC62-41CE-A4E2-BD6696DF4BE6}.Debug|Any CPU.Build.0 = Debug|Any CPU
		{EA4AA215-BC62-41CE-A4E2-BD6696DF4BE6}.Release|Any CPU.ActiveCfg = Release|Any CPU
		{EA4AA215-BC62-41CE-A4E2-BD6696DF4BE6}.Release|Any CPU.Build.0 = Release|Any CPU
	EndGlobalSection
	GlobalSection(SolutionProperties) = preSolution
		HideSolutionNode = FALSE
	EndGlobalSection
	GlobalSection(ExtensibilityGlobals) = postSolution
		SolutionGuid = {7BF194CD-7AB8-476A-955E-3158CA08F3F8}
	EndGlobalSection
EndGlobal
