
Microsoft Visual Studio Solution File, Format Version 12.00
# Visual Studio Version 17
VisualStudioVersion = 17.7.34221.43
MinimumVisualStudioVersion = 10.0.40219.1
Project("{FAE04EC0-301F-11D3-BF4B-00C04F79EFBC}") = "p17", "p17\p17.csproj", "{5939D359-3BD3-4340-AFD4-6D827B051053}"
EndProject
Global
	GlobalSection(SolutionConfigurationPlatforms) = preSolution
		Debug|Any CPU = Debug|Any CPU
		Release|Any CPU = Release|Any CPU
	EndGlobalSection
	GlobalSection(ProjectConfigurationPlatforms) = postSolution
		{5939D359-3BD3-4340-AFD4-6D827B051053}.Debug|Any CPU.ActiveCfg = Debug|Any CPU
		{5939D359-3BD3-4340-AFD4-6D827B051053}.Debug|Any CPU.Build.0 = Debug|Any CPU
		{5939D359-3BD3-4340-AFD4-6D827B051053}.Release|Any CPU.ActiveCfg = Release|Any CPU
		{5939D359-3BD3-4340-AFD4-6D827B051053}.Release|Any CPU.Build.0 = Release|Any CPU
	EndGlobalSection
	GlobalSection(SolutionProperties) = preSolution
		HideSolutionNode = FALSE
	EndGlobalSection
	GlobalSection(ExtensibilityGlobals) = postSolution
		SolutionGuid = {0946DE2B-18D0-4A0A-8440-321233CC1E27}
	EndGlobalSection
EndGlobal
