
Microsoft Visual Studio Solution File, Format Version 12.00
# Visual Studio Version 17
VisualStudioVersion = 17.7.34221.43
MinimumVisualStudioVersion = 10.0.40219.1
Project("{FAE04EC0-301F-11D3-BF4B-00C04F79EFBC}") = "p11", "p11\p11.csproj", "{D4E81B84-E3D9-4BE3-B4A8-EB7DCC38E9B0}"
EndProject
Global
	GlobalSection(SolutionConfigurationPlatforms) = preSolution
		Debug|Any CPU = Debug|Any CPU
		Release|Any CPU = Release|Any CPU
	EndGlobalSection
	GlobalSection(ProjectConfigurationPlatforms) = postSolution
		{D4E81B84-E3D9-4BE3-B4A8-EB7DCC38E9B0}.Debug|Any CPU.ActiveCfg = Debug|Any CPU
		{D4E81B84-E3D9-4BE3-B4A8-EB7DCC38E9B0}.Debug|Any CPU.Build.0 = Debug|Any CPU
		{D4E81B84-E3D9-4BE3-B4A8-EB7DCC38E9B0}.Release|Any CPU.ActiveCfg = Release|Any CPU
		{D4E81B84-E3D9-4BE3-B4A8-EB7DCC38E9B0}.Release|Any CPU.Build.0 = Release|Any CPU
	EndGlobalSection
	GlobalSection(SolutionProperties) = preSolution
		HideSolutionNode = FALSE
	EndGlobalSection
	GlobalSection(ExtensibilityGlobals) = postSolution
		SolutionGuid = {7BF05B85-6E12-4251-BA88-5D5F139F83FF}
	EndGlobalSection
EndGlobal
