
Microsoft Visual Studio Solution File, Format Version 12.00
# Visual Studio Version 17
VisualStudioVersion = 17.8.34309.116
MinimumVisualStudioVersion = 10.0.40219.1
Project("{FAE04EC0-301F-11D3-BF4B-00C04F79EFBC}") = "Indeed", "Indeed\Indeed.csproj", "{DC211E25-7E90-4968-9710-4D7E1FAC4DDA}"
EndProject
Project("{9A19103F-16F7-4668-BE54-9A1E7A4F7556}") = "Employee", "..\Employee\Employee.csproj", "{5465A9D7-273B-42A9-BA49-0233CC93FFC4}"
EndProject
Global
	GlobalSection(SolutionConfigurationPlatforms) = preSolution
		Debug|Any CPU = Debug|Any CPU
		Release|Any CPU = Release|Any CPU
	EndGlobalSection
	GlobalSection(ProjectConfigurationPlatforms) = postSolution
		{DC211E25-7E90-4968-9710-4D7E1FAC4DDA}.Debug|Any CPU.ActiveCfg = Debug|Any CPU
		{DC211E25-7E90-4968-9710-4D7E1FAC4DDA}.Debug|Any CPU.Build.0 = Debug|Any CPU
		{DC211E25-7E90-4968-9710-4D7E1FAC4DDA}.Release|Any CPU.ActiveCfg = Release|Any CPU
		{DC211E25-7E90-4968-9710-4D7E1FAC4DDA}.Release|Any CPU.Build.0 = Release|Any CPU
		{5465A9D7-273B-42A9-BA49-0233CC93FFC4}.Debug|Any CPU.ActiveCfg = Debug|Any CPU
		{5465A9D7-273B-42A9-BA49-0233CC93FFC4}.Debug|Any CPU.Build.0 = Debug|Any CPU
		{5465A9D7-273B-42A9-BA49-0233CC93FFC4}.Release|Any CPU.ActiveCfg = Release|Any CPU
		{5465A9D7-273B-42A9-BA49-0233CC93FFC4}.Release|Any CPU.Build.0 = Release|Any CPU
	EndGlobalSection
	GlobalSection(SolutionProperties) = preSolution
		HideSolutionNode = FALSE
	EndGlobalSection
	GlobalSection(ExtensibilityGlobals) = postSolution
		SolutionGuid = {A7AB11DB-8A56-46A5-ACB7-A528148BC66D}
	EndGlobalSection
EndGlobal
