
Microsoft Visual Studio Solution File, Format Version 12.00
# Visual Studio Version 17
VisualStudioVersion = 17.8.34309.116
MinimumVisualStudioVersion = 10.0.40219.1
Project("{FAE04EC0-301F-11D3-BF4B-00C04F79EFBC}") = "SM", "SM\SM.csproj", "{F4F24992-1FA6-4F9A-848F-F373125D3209}"
EndProject
Global
	GlobalSection(SolutionConfigurationPlatforms) = preSolution
		Debug|Any CPU = Debug|Any CPU
		Release|Any CPU = Release|Any CPU
	EndGlobalSection
	GlobalSection(ProjectConfigurationPlatforms) = postSolution
		{F4F24992-1FA6-4F9A-848F-F373125D3209}.Debug|Any CPU.ActiveCfg = Debug|Any CPU
		{F4F24992-1FA6-4F9A-848F-F373125D3209}.Debug|Any CPU.Build.0 = Debug|Any CPU
		{F4F24992-1FA6-4F9A-848F-F373125D3209}.Release|Any CPU.ActiveCfg = Release|Any CPU
		{F4F24992-1FA6-4F9A-848F-F373125D3209}.Release|Any CPU.Build.0 = Release|Any CPU
	EndGlobalSection
	GlobalSection(SolutionProperties) = preSolution
		HideSolutionNode = FALSE
	EndGlobalSection
	GlobalSection(ExtensibilityGlobals) = postSolution
		SolutionGuid = {D64B71BC-FC8B-4DC7-BF07-A8EBF431D427}
	EndGlobalSection
EndGlobal
