
Microsoft Visual Studio Solution File, Format Version 12.00
# Visual Studio Version 17
VisualStudioVersion = 17.7.34221.43
MinimumVisualStudioVersion = 10.0.40219.1
Project("{FAE04EC0-301F-11D3-BF4B-00C04F79EFBC}") = "Employee", "Employee\Employee.csproj", "{0D8A2A10-EDF9-4BE9-9F2A-FB1023C1D960}"
EndProject
Global
	GlobalSection(SolutionConfigurationPlatforms) = preSolution
		Debug|Any CPU = Debug|Any CPU
		Release|Any CPU = Release|Any CPU
	EndGlobalSection
	GlobalSection(ProjectConfigurationPlatforms) = postSolution
		{0D8A2A10-EDF9-4BE9-9F2A-FB1023C1D960}.Debug|Any CPU.ActiveCfg = Debug|Any CPU
		{0D8A2A10-EDF9-4BE9-9F2A-FB1023C1D960}.Debug|Any CPU.Build.0 = Debug|Any CPU
		{0D8A2A10-EDF9-4BE9-9F2A-FB1023C1D960}.Release|Any CPU.ActiveCfg = Release|Any CPU
		{0D8A2A10-EDF9-4BE9-9F2A-FB1023C1D960}.Release|Any CPU.Build.0 = Release|Any CPU
	EndGlobalSection
	GlobalSection(SolutionProperties) = preSolution
		HideSolutionNode = FALSE
	EndGlobalSection
	GlobalSection(ExtensibilityGlobals) = postSolution
		SolutionGuid = {B8C94DD4-03D2-42C0-A819-671A7BFE56BF}
	EndGlobalSection
EndGlobal
