
Microsoft Visual Studio Solution File, Format Version 12.00
# Visual Studio Version 17
VisualStudioVersion = 17.8.34309.116
MinimumVisualStudioVersion = 10.0.40219.1
Project("{FAE04EC0-301F-11D3-BF4B-00C04F79EFBC}") = "GenericT", "GenericT\GenericT.csproj", "{A238EEF0-F5B8-4A0D-9147-0EFEE96C404A}"
EndProject
Project("{FAE04EC0-301F-11D3-BF4B-00C04F79EFBC}") = "Generic2", "Generic2\Generic2.csproj", "{34F741ED-127C-4C56-8E2B-484CDB2135C4}"
EndProject
Global
	GlobalSection(SolutionConfigurationPlatforms) = preSolution
		Debug|Any CPU = Debug|Any CPU
		Release|Any CPU = Release|Any CPU
	EndGlobalSection
	GlobalSection(ProjectConfigurationPlatforms) = postSolution
		{A238EEF0-F5B8-4A0D-9147-0EFEE96C404A}.Debug|Any CPU.ActiveCfg = Debug|Any CPU
		{A238EEF0-F5B8-4A0D-9147-0EFEE96C404A}.Debug|Any CPU.Build.0 = Debug|Any CPU
		{A238EEF0-F5B8-4A0D-9147-0EFEE96C404A}.Release|Any CPU.ActiveCfg = Release|Any CPU
		{A238EEF0-F5B8-4A0D-9147-0EFEE96C404A}.Release|Any CPU.Build.0 = Release|Any CPU
		{34F741ED-127C-4C56-8E2B-484CDB2135C4}.Debug|Any CPU.ActiveCfg = Debug|Any CPU
		{34F741ED-127C-4C56-8E2B-484CDB2135C4}.Debug|Any CPU.Build.0 = Debug|Any CPU
		{34F741ED-127C-4C56-8E2B-484CDB2135C4}.Release|Any CPU.ActiveCfg = Release|Any CPU
		{34F741ED-127C-4C56-8E2B-484CDB2135C4}.Release|Any CPU.Build.0 = Release|Any CPU
	EndGlobalSection
	GlobalSection(SolutionProperties) = preSolution
		HideSolutionNode = FALSE
	EndGlobalSection
	GlobalSection(ExtensibilityGlobals) = postSolution
		SolutionGuid = {C6AF8A91-0D72-4878-A1AF-CD115488FAEF}
	EndGlobalSection
EndGlobal
