
Microsoft Visual Studio Solution File, Format Version 12.00
# Visual Studio Version 17
VisualStudioVersion = 17.7.34221.43
MinimumVisualStudioVersion = 10.0.40219.1
Project("{FAE04EC0-301F-11D3-BF4B-00C04F79EFBC}") = "IfElse2", "IfElse2\IfElse2.csproj", "{05935E9A-640C-4ABB-8AEE-624F2B7EF127}"
EndProject
Global
	GlobalSection(SolutionConfigurationPlatforms) = preSolution
		Debug|Any CPU = Debug|Any CPU
		Release|Any CPU = Release|Any CPU
	EndGlobalSection
	GlobalSection(ProjectConfigurationPlatforms) = postSolution
		{05935E9A-640C-4ABB-8AEE-624F2B7EF127}.Debug|Any CPU.ActiveCfg = Debug|Any CPU
		{05935E9A-640C-4ABB-8AEE-624F2B7EF127}.Debug|Any CPU.Build.0 = Debug|Any CPU
		{05935E9A-640C-4ABB-8AEE-624F2B7EF127}.Release|Any CPU.ActiveCfg = Release|Any CPU
		{05935E9A-640C-4ABB-8AEE-624F2B7EF127}.Release|Any CPU.Build.0 = Release|Any CPU
	EndGlobalSection
	GlobalSection(SolutionProperties) = preSolution
		HideSolutionNode = FALSE
	EndGlobalSection
	GlobalSection(ExtensibilityGlobals) = postSolution
		SolutionGuid = {1E193F36-2F81-4B5A-8A7D-92E191345E75}
	EndGlobalSection
EndGlobal
