
Microsoft Visual Studio Solution File, Format Version 12.00
# Visual Studio Version 17
VisualStudioVersion = 17.8.34309.116
MinimumVisualStudioVersion = 10.0.40219.1
Project("{FAE04EC0-301F-11D3-BF4B-00C04F79EFBC}") = "ExtensionMethod", "ExtensionMethod\ExtensionMethod.csproj", "{56FAFB2A-E57D-4B6F-8850-EFCAFBBEE3E1}"
EndProject
Global
	GlobalSection(SolutionConfigurationPlatforms) = preSolution
		Debug|Any CPU = Debug|Any CPU
		Release|Any CPU = Release|Any CPU
	EndGlobalSection
	GlobalSection(ProjectConfigurationPlatforms) = postSolution
		{56FAFB2A-E57D-4B6F-8850-EFCAFBBEE3E1}.Debug|Any CPU.ActiveCfg = Debug|Any CPU
		{56FAFB2A-E57D-4B6F-8850-EFCAFBBEE3E1}.Debug|Any CPU.Build.0 = Debug|Any CPU
		{56FAFB2A-E57D-4B6F-8850-EFCAFBBEE3E1}.Release|Any CPU.ActiveCfg = Release|Any CPU
		{56FAFB2A-E57D-4B6F-8850-EFCAFBBEE3E1}.Release|Any CPU.Build.0 = Release|Any CPU
	EndGlobalSection
	GlobalSection(SolutionProperties) = preSolution
		HideSolutionNode = FALSE
	EndGlobalSection
	GlobalSection(ExtensibilityGlobals) = postSolution
		SolutionGuid = {C9F1B776-9499-4533-8BE2-2535243F2A02}
	EndGlobalSection
EndGlobal
