
Microsoft Visual Studio Solution File, Format Version 12.00
# Visual Studio Version 17
VisualStudioVersion = 17.8.34309.116
MinimumVisualStudioVersion = 10.0.40219.1
Project("{FAE04EC0-301F-11D3-BF4B-00C04F79EFBC}") = "GenarateBill", "GenarateBill\GenarateBill.csproj", "{C0FD0E95-F523-4609-AB60-0CA53CECD8A9}"
EndProject
Global
	GlobalSection(SolutionConfigurationPlatforms) = preSolution
		Debug|Any CPU = Debug|Any CPU
		Release|Any CPU = Release|Any CPU
	EndGlobalSection
	GlobalSection(ProjectConfigurationPlatforms) = postSolution
		{C0FD0E95-F523-4609-AB60-0CA53CECD8A9}.Debug|Any CPU.ActiveCfg = Debug|Any CPU
		{C0FD0E95-F523-4609-AB60-0CA53CECD8A9}.Debug|Any CPU.Build.0 = Debug|Any CPU
		{C0FD0E95-F523-4609-AB60-0CA53CECD8A9}.Release|Any CPU.ActiveCfg = Release|Any CPU
		{C0FD0E95-F523-4609-AB60-0CA53CECD8A9}.Release|Any CPU.Build.0 = Release|Any CPU
	EndGlobalSection
	GlobalSection(SolutionProperties) = preSolution
		HideSolutionNode = FALSE
	EndGlobalSection
	GlobalSection(ExtensibilityGlobals) = postSolution
		SolutionGuid = {4FC2D6DF-0091-4C50-B45B-65855784519E}
	EndGlobalSection
EndGlobal
