
Microsoft Visual Studio Solution File, Format Version 12.00
# Visual Studio Version 17
VisualStudioVersion = 17.7.34221.43
MinimumVisualStudioVersion = 10.0.40219.1
Project("{FAE04EC0-301F-11D3-BF4B-00C04F79EFBC}") = "Switch2", "Switch2\Switch2.csproj", "{BAFBD56C-8FAD-4D3F-A116-CA4BCD0AAE18}"
EndProject
Global
	GlobalSection(SolutionConfigurationPlatforms) = preSolution
		Debug|Any CPU = Debug|Any CPU
		Release|Any CPU = Release|Any CPU
	EndGlobalSection
	GlobalSection(ProjectConfigurationPlatforms) = postSolution
		{BAFBD56C-8FAD-4D3F-A116-CA4BCD0AAE18}.Debug|Any CPU.ActiveCfg = Debug|Any CPU
		{BAFBD56C-8FAD-4D3F-A116-CA4BCD0AAE18}.Debug|Any CPU.Build.0 = Debug|Any CPU
		{BAFBD56C-8FAD-4D3F-A116-CA4BCD0AAE18}.Release|Any CPU.ActiveCfg = Release|Any CPU
		{BAFBD56C-8FAD-4D3F-A116-CA4BCD0AAE18}.Release|Any CPU.Build.0 = Release|Any CPU
	EndGlobalSection
	GlobalSection(SolutionProperties) = preSolution
		HideSolutionNode = FALSE
	EndGlobalSection
	GlobalSection(ExtensibilityGlobals) = postSolution
		SolutionGuid = {C99DFDA4-38AD-4F3F-8C2E-40D680290B65}
	EndGlobalSection
EndGlobal
