
Microsoft Visual Studio Solution File, Format Version 12.00
# Visual Studio Version 17
VisualStudioVersion = 17.7.34221.43
MinimumVisualStudioVersion = 10.0.40219.1
Project("{FAE04EC0-301F-11D3-BF4B-00C04F79EFBC}") = "refandout", "refandout\refandout.csproj", "{D05E5317-6AED-4A1C-8980-D1B3E9855EA6}"
EndProject
Global
	GlobalSection(SolutionConfigurationPlatforms) = preSolution
		Debug|Any CPU = Debug|Any CPU
		Release|Any CPU = Release|Any CPU
	EndGlobalSection
	GlobalSection(ProjectConfigurationPlatforms) = postSolution
		{D05E5317-6AED-4A1C-8980-D1B3E9855EA6}.Debug|Any CPU.ActiveCfg = Debug|Any CPU
		{D05E5317-6AED-4A1C-8980-D1B3E9855EA6}.Debug|Any CPU.Build.0 = Debug|Any CPU
		{D05E5317-6AED-4A1C-8980-D1B3E9855EA6}.Release|Any CPU.ActiveCfg = Release|Any CPU
		{D05E5317-6AED-4A1C-8980-D1B3E9855EA6}.Release|Any CPU.Build.0 = Release|Any CPU
	EndGlobalSection
	GlobalSection(SolutionProperties) = preSolution
		HideSolutionNode = FALSE
	EndGlobalSection
	GlobalSection(ExtensibilityGlobals) = postSolution
		SolutionGuid = {E39899D2-B683-415F-8B41-602F0064359D}
	EndGlobalSection
EndGlobal
