
Microsoft Visual Studio Solution File, Format Version 12.00
# Visual Studio Version 17
VisualStudioVersion = 17.7.34221.43
MinimumVisualStudioVersion = 10.0.40219.1
Project("{9A19103F-16F7-4668-BE54-9A1E7A4F7556}") = "object1", "object1\object1.csproj", "{071BC5ED-AD4C-4305-A23F-07960F32E1E6}"
EndProject
Project("{FAE04EC0-301F-11D3-BF4B-00C04F79EFBC}") = "object2", "object2\object2.csproj", "{C2B6A217-3F29-4ACB-90E7-87CA39249E92}"
EndProject
Global
	GlobalSection(SolutionConfigurationPlatforms) = preSolution
		Debug|Any CPU = Debug|Any CPU
		Release|Any CPU = Release|Any CPU
	EndGlobalSection
	GlobalSection(ProjectConfigurationPlatforms) = postSolution
		{071BC5ED-AD4C-4305-A23F-07960F32E1E6}.Debug|Any CPU.ActiveCfg = Debug|Any CPU
		{071BC5ED-AD4C-4305-A23F-07960F32E1E6}.Debug|Any CPU.Build.0 = Debug|Any CPU
		{071BC5ED-AD4C-4305-A23F-07960F32E1E6}.Release|Any CPU.ActiveCfg = Release|Any CPU
		{071BC5ED-AD4C-4305-A23F-07960F32E1E6}.Release|Any CPU.Build.0 = Release|Any CPU
		{C2B6A217-3F29-4ACB-90E7-87CA39249E92}.Debug|Any CPU.ActiveCfg = Debug|Any CPU
		{C2B6A217-3F29-4ACB-90E7-87CA39249E92}.Debug|Any CPU.Build.0 = Debug|Any CPU
		{C2B6A217-3F29-4ACB-90E7-87CA39249E92}.Release|Any CPU.ActiveCfg = Release|Any CPU
		{C2B6A217-3F29-4ACB-90E7-87CA39249E92}.Release|Any CPU.Build.0 = Release|Any CPU
	EndGlobalSection
	GlobalSection(SolutionProperties) = preSolution
		HideSolutionNode = FALSE
	EndGlobalSection
	GlobalSection(ExtensibilityGlobals) = postSolution
		SolutionGuid = {DC3E34A3-8F88-4064-AB73-0D4286E66E48}
	EndGlobalSection
EndGlobal
