
Microsoft Visual Studio Solution File, Format Version 12.00
# Visual Studio Version 17
VisualStudioVersion = 17.7.34221.43
MinimumVisualStudioVersion = 10.0.40219.1
Project("{FAE04EC0-301F-11D3-BF4B-00C04F79EFBC}") = "calc", "calc\calc.csproj", "{4F5DC16B-326C-48B2-9133-D94E11CD54E1}"
EndProject
Global
	GlobalSection(SolutionConfigurationPlatforms) = preSolution
		Debug|Any CPU = Debug|Any CPU
		Release|Any CPU = Release|Any CPU
	EndGlobalSection
	GlobalSection(ProjectConfigurationPlatforms) = postSolution
		{4F5DC16B-326C-48B2-9133-D94E11CD54E1}.Debug|Any CPU.ActiveCfg = Debug|Any CPU
		{4F5DC16B-326C-48B2-9133-D94E11CD54E1}.Debug|Any CPU.Build.0 = Debug|Any CPU
		{4F5DC16B-326C-48B2-9133-D94E11CD54E1}.Release|Any CPU.ActiveCfg = Release|Any CPU
		{4F5DC16B-326C-48B2-9133-D94E11CD54E1}.Release|Any CPU.Build.0 = Release|Any CPU
	EndGlobalSection
	GlobalSection(SolutionProperties) = preSolution
		HideSolutionNode = FALSE
	EndGlobalSection
	GlobalSection(ExtensibilityGlobals) = postSolution
		SolutionGuid = {6D373E83-E682-4C7E-8CF7-2BED2B0AD96F}
	EndGlobalSection
EndGlobal
