
Microsoft Visual Studio Solution File, Format Version 12.00
# Visual Studio Version 17
VisualStudioVersion = 17.7.34221.43
MinimumVisualStudioVersion = 10.0.40219.1
Project("{FAE04EC0-301F-11D3-BF4B-00C04F79EFBC}") = "ConsoleApp1", "ConsoleApp1\ConsoleApp1.csproj", "{96D94F8D-AAAD-4B80-970B-48F5E4B49DD7}"
EndProject
Global
	GlobalSection(SolutionConfigurationPlatforms) = preSolution
		Debug|Any CPU = Debug|Any CPU
		Release|Any CPU = Release|Any CPU
	EndGlobalSection
	GlobalSection(ProjectConfigurationPlatforms) = postSolution
		{96D94F8D-AAAD-4B80-970B-48F5E4B49DD7}.Debug|Any CPU.ActiveCfg = Debug|Any CPU
		{96D94F8D-AAAD-4B80-970B-48F5E4B49DD7}.Debug|Any CPU.Build.0 = Debug|Any CPU
		{96D94F8D-AAAD-4B80-970B-48F5E4B49DD7}.Release|Any CPU.ActiveCfg = Release|Any CPU
		{96D94F8D-AAAD-4B80-970B-48F5E4B49DD7}.Release|Any CPU.Build.0 = Release|Any CPU
	EndGlobalSection
	GlobalSection(SolutionProperties) = preSolution
		HideSolutionNode = FALSE
	EndGlobalSection
	GlobalSection(ExtensibilityGlobals) = postSolution
		SolutionGuid = {81AEC973-5826-40B7-A9C9-7C6D208326B1}
	EndGlobalSection
EndGlobal
