
Microsoft Visual Studio Solution File, Format Version 12.00
# Visual Studio Version 17
VisualStudioVersion = 17.7.34221.43
MinimumVisualStudioVersion = 10.0.40219.1
Project("{FAE04EC0-301F-11D3-BF4B-00C04F79EFBC}") = "Train", "Train\Train.csproj", "{D4ADF4F9-FE63-4C48-B1CA-B189333B18F8}"
EndProject
Project("{FAE04EC0-301F-11D3-BF4B-00C04F79EFBC}") = "Array", "..\..\test\Array\Array.csproj", "{BB6D4005-B206-4C43-9C89-3084973CFF5A}"
EndProject
Global
	GlobalSection(SolutionConfigurationPlatforms) = preSolution
		Debug|Any CPU = Debug|Any CPU
		Release|Any CPU = Release|Any CPU
	EndGlobalSection
	GlobalSection(ProjectConfigurationPlatforms) = postSolution
		{D4ADF4F9-FE63-4C48-B1CA-B189333B18F8}.Debug|Any CPU.ActiveCfg = Debug|Any CPU
		{D4ADF4F9-FE63-4C48-B1CA-B189333B18F8}.Debug|Any CPU.Build.0 = Debug|Any CPU
		{D4ADF4F9-FE63-4C48-B1CA-B189333B18F8}.Release|Any CPU.ActiveCfg = Release|Any CPU
		{D4ADF4F9-FE63-4C48-B1CA-B189333B18F8}.Release|Any CPU.Build.0 = Release|Any CPU
		{BB6D4005-B206-4C43-9C89-3084973CFF5A}.Debug|Any CPU.ActiveCfg = Debug|Any CPU
		{BB6D4005-B206-4C43-9C89-3084973CFF5A}.Debug|Any CPU.Build.0 = Debug|Any CPU
		{BB6D4005-B206-4C43-9C89-3084973CFF5A}.Release|Any CPU.ActiveCfg = Release|Any CPU
		{BB6D4005-B206-4C43-9C89-3084973CFF5A}.Release|Any CPU.Build.0 = Release|Any CPU
	EndGlobalSection
	GlobalSection(SolutionProperties) = preSolution
		HideSolutionNode = FALSE
	EndGlobalSection
	GlobalSection(ExtensibilityGlobals) = postSolution
		SolutionGuid = {914B28BF-4910-405C-B095-7D758A2DCDB5}
	EndGlobalSection
EndGlobal
