
Microsoft Visual Studio Solution File, Format Version 12.00
# Visual Studio Version 17
VisualStudioVersion = 17.7.34221.43
MinimumVisualStudioVersion = 10.0.40219.1
Project("{FAE04EC0-301F-11D3-BF4B-00C04F79EFBC}") = "NestedIf", "NestedIf\NestedIf.csproj", "{7B74B78E-32F0-4C5C-BF8E-A21BB3539881}"
EndProject
Global
	GlobalSection(SolutionConfigurationPlatforms) = preSolution
		Debug|Any CPU = Debug|Any CPU
		Release|Any CPU = Release|Any CPU
	EndGlobalSection
	GlobalSection(ProjectConfigurationPlatforms) = postSolution
		{7B74B78E-32F0-4C5C-BF8E-A21BB3539881}.Debug|Any CPU.ActiveCfg = Debug|Any CPU
		{7B74B78E-32F0-4C5C-BF8E-A21BB3539881}.Debug|Any CPU.Build.0 = Debug|Any CPU
		{7B74B78E-32F0-4C5C-BF8E-A21BB3539881}.Release|Any CPU.ActiveCfg = Release|Any CPU
		{7B74B78E-32F0-4C5C-BF8E-A21BB3539881}.Release|Any CPU.Build.0 = Release|Any CPU
	EndGlobalSection
	GlobalSection(SolutionProperties) = preSolution
		HideSolutionNode = FALSE
	EndGlobalSection
	GlobalSection(ExtensibilityGlobals) = postSolution
		SolutionGuid = {A359D2F3-8323-4F3B-8AD5-2DC3F0F8D34F}
	EndGlobalSection
EndGlobal
