
Microsoft Visual Studio Solution File, Format Version 12.00
# Visual Studio Version 17
VisualStudioVersion = 17.7.34221.43
MinimumVisualStudioVersion = 10.0.40219.1
Project("{FAE04EC0-301F-11D3-BF4B-00C04F79EFBC}") = "p18", "p18\p18.csproj", "{EB7F172D-0B04-480A-8442-0E5F223785CB}"
EndProject
Global
	GlobalSection(SolutionConfigurationPlatforms) = preSolution
		Debug|Any CPU = Debug|Any CPU
		Release|Any CPU = Release|Any CPU
	EndGlobalSection
	GlobalSection(ProjectConfigurationPlatforms) = postSolution
		{EB7F172D-0B04-480A-8442-0E5F223785CB}.Debug|Any CPU.ActiveCfg = Debug|Any CPU
		{EB7F172D-0B04-480A-8442-0E5F223785CB}.Debug|Any CPU.Build.0 = Debug|Any CPU
		{EB7F172D-0B04-480A-8442-0E5F223785CB}.Release|Any CPU.ActiveCfg = Release|Any CPU
		{EB7F172D-0B04-480A-8442-0E5F223785CB}.Release|Any CPU.Build.0 = Release|Any CPU
	EndGlobalSection
	GlobalSection(SolutionProperties) = preSolution
		HideSolutionNode = FALSE
	EndGlobalSection
	GlobalSection(ExtensibilityGlobals) = postSolution
		SolutionGuid = {28FDA246-8D1D-4C03-830B-218CA6F568D8}
	EndGlobalSection
EndGlobal
