
Microsoft Visual Studio Solution File, Format Version 12.00
# Visual Studio Version 17
VisualStudioVersion = 17.7.34221.43
MinimumVisualStudioVersion = 10.0.40219.1
Project("{FAE04EC0-301F-11D3-BF4B-00C04F79EFBC}") = "EvenNumber", "EvenNumber\EvenNumber.csproj", "{89C75274-151C-46DE-82DE-87381FE782EC}"
EndProject
Global
	GlobalSection(SolutionConfigurationPlatforms) = preSolution
		Debug|Any CPU = Debug|Any CPU
		Release|Any CPU = Release|Any CPU
	EndGlobalSection
	GlobalSection(ProjectConfigurationPlatforms) = postSolution
		{89C75274-151C-46DE-82DE-87381FE782EC}.Debug|Any CPU.ActiveCfg = Debug|Any CPU
		{89C75274-151C-46DE-82DE-87381FE782EC}.Debug|Any CPU.Build.0 = Debug|Any CPU
		{89C75274-151C-46DE-82DE-87381FE782EC}.Release|Any CPU.ActiveCfg = Release|Any CPU
		{89C75274-151C-46DE-82DE-87381FE782EC}.Release|Any CPU.Build.0 = Release|Any CPU
	EndGlobalSection
	GlobalSection(SolutionProperties) = preSolution
		HideSolutionNode = FALSE
	EndGlobalSection
	GlobalSection(ExtensibilityGlobals) = postSolution
		SolutionGuid = {D374C6B4-ABB5-47FD-93ED-6F0C8F5319DD}
	EndGlobalSection
EndGlobal
