
Microsoft Visual Studio Solution File, Format Version 12.00
# Visual Studio Version 17
VisualStudioVersion = 17.7.34221.43
MinimumVisualStudioVersion = 10.0.40219.1
Project("{FAE04EC0-301F-11D3-BF4B-00C04F79EFBC}") = "program3", "program3\program3.csproj", "{BCE467BA-3311-4551-873A-DBF3BEACFCA7}"
EndProject
Global
	GlobalSection(SolutionConfigurationPlatforms) = preSolution
		Debug|Any CPU = Debug|Any CPU
		Release|Any CPU = Release|Any CPU
	EndGlobalSection
	GlobalSection(ProjectConfigurationPlatforms) = postSolution
		{BCE467BA-3311-4551-873A-DBF3BEACFCA7}.Debug|Any CPU.ActiveCfg = Debug|Any CPU
		{BCE467BA-3311-4551-873A-DBF3BEACFCA7}.Debug|Any CPU.Build.0 = Debug|Any CPU
		{BCE467BA-3311-4551-873A-DBF3BEACFCA7}.Release|Any CPU.ActiveCfg = Release|Any CPU
		{BCE467BA-3311-4551-873A-DBF3BEACFCA7}.Release|Any CPU.Build.0 = Release|Any CPU
	EndGlobalSection
	GlobalSection(SolutionProperties) = preSolution
		HideSolutionNode = FALSE
	EndGlobalSection
	GlobalSection(ExtensibilityGlobals) = postSolution
		SolutionGuid = {D19F9F46-E00C-4B19-A744-E8A4A8A26E52}
	EndGlobalSection
EndGlobal
