
Microsoft Visual Studio Solution File, Format Version 12.00
# Visual Studio Version 17
VisualStudioVersion = 17.7.34221.43
MinimumVisualStudioVersion = 10.0.40219.1
Project("{FAE04EC0-301F-11D3-BF4B-00C04F79EFBC}") = "Mathfunction", "Mathfunction\Mathfunction.csproj", "{F2D9FFBE-91D4-40A0-99A0-6A8DEEFF9712}"
EndProject
Global
	GlobalSection(SolutionConfigurationPlatforms) = preSolution
		Debug|Any CPU = Debug|Any CPU
		Release|Any CPU = Release|Any CPU
	EndGlobalSection
	GlobalSection(ProjectConfigurationPlatforms) = postSolution
		{F2D9FFBE-91D4-40A0-99A0-6A8DEEFF9712}.Debug|Any CPU.ActiveCfg = Debug|Any CPU
		{F2D9FFBE-91D4-40A0-99A0-6A8DEEFF9712}.Debug|Any CPU.Build.0 = Debug|Any CPU
		{F2D9FFBE-91D4-40A0-99A0-6A8DEEFF9712}.Release|Any CPU.ActiveCfg = Release|Any CPU
		{F2D9FFBE-91D4-40A0-99A0-6A8DEEFF9712}.Release|Any CPU.Build.0 = Release|Any CPU
	EndGlobalSection
	GlobalSection(SolutionProperties) = preSolution
		HideSolutionNode = FALSE
	EndGlobalSection
	GlobalSection(ExtensibilityGlobals) = postSolution
		SolutionGuid = {6DDD6E5E-8A09-484F-B67A-9673B6A2706F}
	EndGlobalSection
EndGlobal
