
Microsoft Visual Studio Solution File, Format Version 12.00
# Visual Studio Version 17
VisualStudioVersion = 17.7.34221.43
MinimumVisualStudioVersion = 10.0.40219.1
Project("{FAE04EC0-301F-11D3-BF4B-00C04F79EFBC}") = "Animals", "Animals\Animals.csproj", "{1A8D79E5-6E61-43D0-89B4-2EC4B702D85E}"
EndProject
Global
	GlobalSection(SolutionConfigurationPlatforms) = preSolution
		Debug|Any CPU = Debug|Any CPU
		Release|Any CPU = Release|Any CPU
	EndGlobalSection
	GlobalSection(ProjectConfigurationPlatforms) = postSolution
		{1A8D79E5-6E61-43D0-89B4-2EC4B702D85E}.Debug|Any CPU.ActiveCfg = Debug|Any CPU
		{1A8D79E5-6E61-43D0-89B4-2EC4B702D85E}.Debug|Any CPU.Build.0 = Debug|Any CPU
		{1A8D79E5-6E61-43D0-89B4-2EC4B702D85E}.Release|Any CPU.ActiveCfg = Release|Any CPU
		{1A8D79E5-6E61-43D0-89B4-2EC4B702D85E}.Release|Any CPU.Build.0 = Release|Any CPU
	EndGlobalSection
	GlobalSection(SolutionProperties) = preSolution
		HideSolutionNode = FALSE
	EndGlobalSection
	GlobalSection(ExtensibilityGlobals) = postSolution
		SolutionGuid = {6E809992-C169-43D2-B1AF-219C5A51C7D4}
	EndGlobalSection
EndGlobal
