
Microsoft Visual Studio Solution File, Format Version 12.00
# Visual Studio Version 17
VisualStudioVersion = 17.8.34309.116
MinimumVisualStudioVersion = 10.0.40219.1
Project("{9A19103F-16F7-4668-BE54-9A1E7A4F7556}") = "ConsoleApp1", "ConsoleApp1\ConsoleApp1.csproj", "{B3D4F6A0-A892-4A07-9AC8-C6EEF5DD1FE8}"
EndProject
Project("{FAE04EC0-301F-11D3-BF4B-00C04F79EFBC}") = "ConsoleApp2", "..\ConsoleApp2\ConsoleApp2.csproj", "{66502445-90B8-4F25-B648-8F8A796DEF95}"
EndProject
Global
	GlobalSection(SolutionConfigurationPlatforms) = preSolution
		Debug|Any CPU = Debug|Any CPU
		Release|Any CPU = Release|Any CPU
	EndGlobalSection
	GlobalSection(ProjectConfigurationPlatforms) = postSolution
		{B3D4F6A0-A892-4A07-9AC8-C6EEF5DD1FE8}.Debug|Any CPU.ActiveCfg = Debug|Any CPU
		{B3D4F6A0-A892-4A07-9AC8-C6EEF5DD1FE8}.Debug|Any CPU.Build.0 = Debug|Any CPU
		{B3D4F6A0-A892-4A07-9AC8-C6EEF5DD1FE8}.Release|Any CPU.ActiveCfg = Release|Any CPU
		{B3D4F6A0-A892-4A07-9AC8-C6EEF5DD1FE8}.Release|Any CPU.Build.0 = Release|Any CPU
		{66502445-90B8-4F25-B648-8F8A796DEF95}.Debug|Any CPU.ActiveCfg = Debug|Any CPU
		{66502445-90B8-4F25-B648-8F8A796DEF95}.Debug|Any CPU.Build.0 = Debug|Any CPU
		{66502445-90B8-4F25-B648-8F8A796DEF95}.Release|Any CPU.ActiveCfg = Release|Any CPU
		{66502445-90B8-4F25-B648-8F8A796DEF95}.Release|Any CPU.Build.0 = Release|Any CPU
	EndGlobalSection
	GlobalSection(SolutionProperties) = preSolution
		HideSolutionNode = FALSE
	EndGlobalSection
	GlobalSection(ExtensibilityGlobals) = postSolution
		SolutionGuid = {F8D7655B-F1A4-4EA7-8AD4-D351D7AC358E}
	EndGlobalSection
EndGlobal
