
Microsoft Visual Studio Solution File, Format Version 12.00
# Visual Studio Version 17
VisualStudioVersion = 17.8.34309.116
MinimumVisualStudioVersion = 10.0.40219.1
Project("{FAE04EC0-301F-11D3-BF4B-00C04F79EFBC}") = "EmployeeByInterface", "EmployeeByInterface\EmployeeByInterface.csproj", "{A8B82315-BFAB-4FB6-B0DE-59C6BAD3C614}"
EndProject
Global
	GlobalSection(SolutionConfigurationPlatforms) = preSolution
		Debug|Any CPU = Debug|Any CPU
		Release|Any CPU = Release|Any CPU
	EndGlobalSection
	GlobalSection(ProjectConfigurationPlatforms) = postSolution
		{A8B82315-BFAB-4FB6-B0DE-59C6BAD3C614}.Debug|Any CPU.ActiveCfg = Debug|Any CPU
		{A8B82315-BFAB-4FB6-B0DE-59C6BAD3C614}.Debug|Any CPU.Build.0 = Debug|Any CPU
		{A8B82315-BFAB-4FB6-B0DE-59C6BAD3C614}.Release|Any CPU.ActiveCfg = Release|Any CPU
		{A8B82315-BFAB-4FB6-B0DE-59C6BAD3C614}.Release|Any CPU.Build.0 = Release|Any CPU
	EndGlobalSection
	GlobalSection(SolutionProperties) = preSolution
		HideSolutionNode = FALSE
	EndGlobalSection
	GlobalSection(ExtensibilityGlobals) = postSolution
		SolutionGuid = {A5897570-2ED6-4A4E-8023-33C75E43124B}
	EndGlobalSection
EndGlobal
