
Microsoft Visual Studio Solution File, Format Version 12.00
# Visual Studio Version 17
VisualStudioVersion = 17.7.34221.43
MinimumVisualStudioVersion = 10.0.40219.1
Project("{FAE04EC0-301F-11D3-BF4B-00C04F79EFBC}") = "IfElse5", "IfElse5\IfElse5.csproj", "{BC698BE6-05FA-40B7-85EE-F986B472B1DC}"
EndProject
Global
	GlobalSection(SolutionConfigurationPlatforms) = preSolution
		Debug|Any CPU = Debug|Any CPU
		Release|Any CPU = Release|Any CPU
	EndGlobalSection
	GlobalSection(ProjectConfigurationPlatforms) = postSolution
		{BC698BE6-05FA-40B7-85EE-F986B472B1DC}.Debug|Any CPU.ActiveCfg = Debug|Any CPU
		{BC698BE6-05FA-40B7-85EE-F986B472B1DC}.Debug|Any CPU.Build.0 = Debug|Any CPU
		{BC698BE6-05FA-40B7-85EE-F986B472B1DC}.Release|Any CPU.ActiveCfg = Release|Any CPU
		{BC698BE6-05FA-40B7-85EE-F986B472B1DC}.Release|Any CPU.Build.0 = Release|Any CPU
	EndGlobalSection
	GlobalSection(SolutionProperties) = preSolution
		HideSolutionNode = FALSE
	EndGlobalSection
	GlobalSection(ExtensibilityGlobals) = postSolution
		SolutionGuid = {738D9401-3581-4683-A9DE-D12A0FFCFFBA}
	EndGlobalSection
EndGlobal
