
Microsoft Visual Studio Solution File, Format Version 12.00
# Visual Studio Version 17
VisualStudioVersion = 17.7.34221.43
MinimumVisualStudioVersion = 10.0.40219.1
Project("{FAE04EC0-301F-11D3-BF4B-00C04F79EFBC}") = "NestedIf4", "NestedIf4\NestedIf4.csproj", "{C95DD60A-9C4D-47D1-A811-7C91DEBA870A}"
EndProject
Global
	GlobalSection(SolutionConfigurationPlatforms) = preSolution
		Debug|Any CPU = Debug|Any CPU
		Release|Any CPU = Release|Any CPU
	EndGlobalSection
	GlobalSection(ProjectConfigurationPlatforms) = postSolution
		{C95DD60A-9C4D-47D1-A811-7C91DEBA870A}.Debug|Any CPU.ActiveCfg = Debug|Any CPU
		{C95DD60A-9C4D-47D1-A811-7C91DEBA870A}.Debug|Any CPU.Build.0 = Debug|Any CPU
		{C95DD60A-9C4D-47D1-A811-7C91DEBA870A}.Release|Any CPU.ActiveCfg = Release|Any CPU
		{C95DD60A-9C4D-47D1-A811-7C91DEBA870A}.Release|Any CPU.Build.0 = Release|Any CPU
	EndGlobalSection
	GlobalSection(SolutionProperties) = preSolution
		HideSolutionNode = FALSE
	EndGlobalSection
	GlobalSection(ExtensibilityGlobals) = postSolution
		SolutionGuid = {E52C01AF-5749-493E-8DAC-8E670507FCF6}
	EndGlobalSection
EndGlobal
