
Microsoft Visual Studio Solution File, Format Version 12.00
# Visual Studio Version 17
VisualStudioVersion = 17.8.34309.116
MinimumVisualStudioVersion = 10.0.40219.1
Project("{FAE04EC0-301F-11D3-BF4B-00C04F79EFBC}") = "Amazon", "Amazon\Amazon.csproj", "{EDD2954B-0AAF-4395-8E8B-F64D17C9A776}"
EndProject
Global
	GlobalSection(SolutionConfigurationPlatforms) = preSolution
		Debug|Any CPU = Debug|Any CPU
		Release|Any CPU = Release|Any CPU
	EndGlobalSection
	GlobalSection(ProjectConfigurationPlatforms) = postSolution
		{EDD2954B-0AAF-4395-8E8B-F64D17C9A776}.Debug|Any CPU.ActiveCfg = Debug|Any CPU
		{EDD2954B-0AAF-4395-8E8B-F64D17C9A776}.Debug|Any CPU.Build.0 = Debug|Any CPU
		{EDD2954B-0AAF-4395-8E8B-F64D17C9A776}.Release|Any CPU.ActiveCfg = Release|Any CPU
		{EDD2954B-0AAF-4395-8E8B-F64D17C9A776}.Release|Any CPU.Build.0 = Release|Any CPU
	EndGlobalSection
	GlobalSection(SolutionProperties) = preSolution
		HideSolutionNode = FALSE
	EndGlobalSection
	GlobalSection(ExtensibilityGlobals) = postSolution
		SolutionGuid = {6974F3C9-9423-42FB-A33E-286C50F5DA87}
	EndGlobalSection
EndGlobal
