
Microsoft Visual Studio Solution File, Format Version 12.00
# Visual Studio Version 17
VisualStudioVersion = 17.7.34221.43
MinimumVisualStudioVersion = 10.0.40219.1
Project("{FAE04EC0-301F-11D3-BF4B-00C04F79EFBC}") = "p20", "p20\p20.csproj", "{44CAEADF-F0FD-4EC3-A387-ADD3CE0BEFBD}"
EndProject
Global
	GlobalSection(SolutionConfigurationPlatforms) = preSolution
		Debug|Any CPU = Debug|Any CPU
		Release|Any CPU = Release|Any CPU
	EndGlobalSection
	GlobalSection(ProjectConfigurationPlatforms) = postSolution
		{44CAEADF-F0FD-4EC3-A387-ADD3CE0BEFBD}.Debug|Any CPU.ActiveCfg = Debug|Any CPU
		{44CAEADF-F0FD-4EC3-A387-ADD3CE0BEFBD}.Debug|Any CPU.Build.0 = Debug|Any CPU
		{44CAEADF-F0FD-4EC3-A387-ADD3CE0BEFBD}.Release|Any CPU.ActiveCfg = Release|Any CPU
		{44CAEADF-F0FD-4EC3-A387-ADD3CE0BEFBD}.Release|Any CPU.Build.0 = Release|Any CPU
	EndGlobalSection
	GlobalSection(SolutionProperties) = preSolution
		HideSolutionNode = FALSE
	EndGlobalSection
	GlobalSection(ExtensibilityGlobals) = postSolution
		SolutionGuid = {FE5735C4-D063-4CB6-8ECA-85D86BB9416F}
	EndGlobalSection
EndGlobal
