
Microsoft Visual Studio Solution File, Format Version 12.00
# Visual Studio Version 17
VisualStudioVersion = 17.7.34221.43
MinimumVisualStudioVersion = 10.0.40219.1
Project("{FAE04EC0-301F-11D3-BF4B-00C04F79EFBC}") = "NestedElse5", "NestedElse5\NestedElse5.csproj", "{BEDCD3C3-23E8-4665-9B2A-575B96657AFC}"
EndProject
Global
	GlobalSection(SolutionConfigurationPlatforms) = preSolution
		Debug|Any CPU = Debug|Any CPU
		Release|Any CPU = Release|Any CPU
	EndGlobalSection
	GlobalSection(ProjectConfigurationPlatforms) = postSolution
		{BEDCD3C3-23E8-4665-9B2A-575B96657AFC}.Debug|Any CPU.ActiveCfg = Debug|Any CPU
		{BEDCD3C3-23E8-4665-9B2A-575B96657AFC}.Debug|Any CPU.Build.0 = Debug|Any CPU
		{BEDCD3C3-23E8-4665-9B2A-575B96657AFC}.Release|Any CPU.ActiveCfg = Release|Any CPU
		{BEDCD3C3-23E8-4665-9B2A-575B96657AFC}.Release|Any CPU.Build.0 = Release|Any CPU
	EndGlobalSection
	GlobalSection(SolutionProperties) = preSolution
		HideSolutionNode = FALSE
	EndGlobalSection
	GlobalSection(ExtensibilityGlobals) = postSolution
		SolutionGuid = {A535314A-7E15-4BB9-9B75-061148275AD9}
	EndGlobalSection
EndGlobal
