
Microsoft Visual Studio Solution File, Format Version 12.00
# Visual Studio Version 17
VisualStudioVersion = 17.7.34221.43
MinimumVisualStudioVersion = 10.0.40219.1
Project("{FAE04EC0-301F-11D3-BF4B-00C04F79EFBC}") = "Mobile2", "Mobile2\Mobile2.csproj", "{76AE14BD-9E8A-45EC-87CC-A7CF19B64958}"
EndProject
Global
	GlobalSection(SolutionConfigurationPlatforms) = preSolution
		Debug|Any CPU = Debug|Any CPU
		Release|Any CPU = Release|Any CPU
	EndGlobalSection
	GlobalSection(ProjectConfigurationPlatforms) = postSolution
		{76AE14BD-9E8A-45EC-87CC-A7CF19B64958}.Debug|Any CPU.ActiveCfg = Debug|Any CPU
		{76AE14BD-9E8A-45EC-87CC-A7CF19B64958}.Debug|Any CPU.Build.0 = Debug|Any CPU
		{76AE14BD-9E8A-45EC-87CC-A7CF19B64958}.Release|Any CPU.ActiveCfg = Release|Any CPU
		{76AE14BD-9E8A-45EC-87CC-A7CF19B64958}.Release|Any CPU.Build.0 = Release|Any CPU
	EndGlobalSection
	GlobalSection(SolutionProperties) = preSolution
		HideSolutionNode = FALSE
	EndGlobalSection
	GlobalSection(ExtensibilityGlobals) = postSolution
		SolutionGuid = {DE9BF318-45E9-4BB7-804A-DCA3DE0E193A}
	EndGlobalSection
EndGlobal
